
Microsoft Visual Studio Solution File, Format Version 12.00
# Visual Studio Version 17
VisualStudioVersion = 17.4.33205.214
MinimumVisualStudioVersion = 10.0.40219.1
Project("{FAE04EC0-301F-11D3-BF4B-00C04F79EFBC}") = "mustacheJsExample", "mustacheJsExample\mustacheJsExample.csproj", "{129563DB-1769-4453-ADD1-514F8C5765D6}"
EndProject
Global
	GlobalSection(SolutionConfigurationPlatforms) = preSolution
		Debug|Any CPU = Debug|Any CPU
		Release|Any CPU = Release|Any CPU
	EndGlobalSection
	GlobalSection(ProjectConfigurationPlatforms) = postSolution
		{129563DB-1769-4453-ADD1-514F8C5765D6}.Debug|Any CPU.ActiveCfg = Debug|Any CPU
		{129563DB-1769-4453-ADD1-514F8C5765D6}.Debug|Any CPU.Build.0 = Debug|Any CPU
		{129563DB-1769-4453-ADD1-514F8C5765D6}.Release|Any CPU.ActiveCfg = Release|Any CPU
		{129563DB-1769-4453-ADD1-514F8C5765D6}.Release|Any CPU.Build.0 = Release|Any CPU
	EndGlobalSection
	GlobalSection(SolutionProperties) = preSolution
		HideSolutionNode = FALSE
	EndGlobalSection
	GlobalSection(ExtensibilityGlobals) = postSolution
		SolutionGuid = {220A3063-146F-4576-8EE3-70170FF029B2}
	EndGlobalSection
EndGlobal
